
Microsoft Visual Studio Solution File, Format Version 12.00
# Visual Studio Version 16
VisualStudioVersion = 16.0.29905.134
MinimumVisualStudioVersion = 10.0.40219.1
Project("{FAE04EC0-301F-11D3-BF4B-00C04F79EFBC}") = "shop", "shop\shop.csproj", "{8798071F-7DB9-4ED3-9EC5-7B00A1175842}"
EndProject
Global
	GlobalSection(SolutionConfigurationPlatforms) = preSolution
		Debug|Any CPU = Debug|Any CPU
		Release|Any CPU = Release|Any CPU
	EndGlobalSection
	GlobalSection(ProjectConfigurationPlatforms) = postSolution
		{8798071F-7DB9-4ED3-9EC5-7B00A1175842}.Debug|Any CPU.ActiveCfg = Debug|Any CPU
		{8798071F-7DB9-4ED3-9EC5-7B00A1175842}.Debug|Any CPU.Build.0 = Debug|Any CPU
		{8798071F-7DB9-4ED3-9EC5-7B00A1175842}.Release|Any CPU.ActiveCfg = Release|Any CPU
		{8798071F-7DB9-4ED3-9EC5-7B00A1175842}.Release|Any CPU.Build.0 = Release|Any CPU
	EndGlobalSection
	GlobalSection(SolutionProperties) = preSolution
		HideSolutionNode = FALSE
	EndGlobalSection
	GlobalSection(ExtensibilityGlobals) = postSolution
		SolutionGuid = {272A8A04-278F-4EEC-9EDD-6D979A497230}
	EndGlobalSection
EndGlobal
